
Microsoft Visual Studio Solution File, Format Version 12.00
# Visual Studio Version 16
VisualStudioVersion = 16.0.33423.256
MinimumVisualStudioVersion = 10.0.40219.1
Project("{8BC9CEB8-8B4A-11D0-8D11-00A0C91BC942}") = "palindrome", "palindrome\palindrome.vcxproj", "{EEA618AA-E311-4ECA-907F-17FDE179C943}"
EndProject
Global
	GlobalSection(SolutionConfigurationPlatforms) = preSolution
		Debug|x64 = Debug|x64
		Debug|x86 = Debug|x86
		Release|x64 = Release|x64
		Release|x86 = Release|x86
	EndGlobalSection
	GlobalSection(ProjectConfigurationPlatforms) = postSolution
		{EEA618AA-E311-4ECA-907F-17FDE179C943}.Debug|x64.ActiveCfg = Debug|x64
		{EEA618AA-E311-4ECA-907F-17FDE179C943}.Debug|x64.Build.0 = Debug|x64
		{EEA618AA-E311-4ECA-907F-17FDE179C943}.Debug|x86.ActiveCfg = Debug|Win32
		{EEA618AA-E311-4ECA-907F-17FDE179C943}.Debug|x86.Build.0 = Debug|Win32
		{EEA618AA-E311-4ECA-907F-17FDE179C943}.Release|x64.ActiveCfg = Release|x64
		{EEA618AA-E311-4ECA-907F-17FDE179C943}.Release|x64.Build.0 = Release|x64
		{EEA618AA-E311-4ECA-907F-17FDE179C943}.Release|x86.ActiveCfg = Release|Win32
		{EEA618AA-E311-4ECA-907F-17FDE179C943}.Release|x86.Build.0 = Release|Win32
	EndGlobalSection
	GlobalSection(SolutionProperties) = preSolution
		HideSolutionNode = FALSE
	EndGlobalSection
	GlobalSection(ExtensibilityGlobals) = postSolution
		SolutionGuid = {B49A157F-CED7-4381-998A-5CB9CDF2D353}
	EndGlobalSection
EndGlobal
